Microsoft Visual Studio Solution File, Format Version 12.00
# Visual Studio Version 17
VisualStudioVersion = 17.4.33205.214
MinimumVisualStudioVersion = 16.0.0.0
Project("{9A19103F-16F7-4668-BE54-9A1E7A4F7556}") = "Artisan.Server", "Server\Artisan.Server.csproj", "{F81095C7-26FB-4B03-A86C-22A6B6960D81}"
EndProject
Project("{9A19103F-16F7-4668-BE54-9A1E7A4F7556}") = "Artisan.Client", "Client\Artisan.Client.csproj", "{4719B6E2-C005-4D71-9087-B18333848FA1}"
EndProject
Project("{9A19103F-16F7-4668-BE54-9A1E7A4F7556}") = "Artisan.Shared", "Shared\Artisan.Shared.csproj", "{9D7C2D3E-EFFF-4AF3-BE60-04589D908060}"
EndProject
Project("{9A19103F-16F7-4668-BE54-9A1E7A4F7556}") = "Artisan.CommonComponents", "Components\Artisan.CommonComponents.csproj", "{898FF00E-7CB8-4249-93A5-E9F36B6D5AF7}"
EndProject
Project("{9A19103F-16F7-4668-BE54-9A1E7A4F7556}") = "Artisan.Resources", "Resources\Artisan.Resources.csproj", "{55945FF8-67EF-4D0B-9EF8-2AD9A43182A8}"
EndProject
Project("{9A19103F-16F7-4668-BE54-9A1E7A4F7556}") = "Artisan.Data", "Data\Artisan.Data.csproj", "{231CC689-7C9D-479D-B5B9-1931FB20FE01}"
EndProject
Project("{2150E333-8FDC-42A3-9474-1A3956D46DE8}") = "Pages", "Pages", "{08FE55C4-EF66-41ED-B775-511530FDD264}"
EndProject
Project("{9A19103F-16F7-4668-BE54-9A1E7A4F7556}") = "Artisan.Pages.DiceThrower", "Pages\DiceThrower\Artisan.Pages.DiceThrower.csproj", "{494AF6E4-4D42-4689-A61F-150059C1A7EF}"
EndProject
Global
	GlobalSection(SolutionConfigurationPlatforms) = preSolution
		Debug|Any CPU = Debug|Any CPU
		Debug|x64 = Debug|x64
		Debug|x86 = Debug|x86
		Release|Any CPU = Release|Any CPU
		Release|x64 = Release|x64
		Release|x86 = Release|x86
	EndGlobalSection
	GlobalSection(ProjectConfigurationPlatforms) = postSolution
		{F81095C7-26FB-4B03-A86C-22A6B6960D81}.Debug|Any CPU.ActiveCfg = Debug|Any CPU
		{F81095C7-26FB-4B03-A86C-22A6B6960D81}.Debug|Any CPU.Build.0 = Debug|Any CPU
		{F81095C7-26FB-4B03-A86C-22A6B6960D81}.Debug|x64.ActiveCfg = Debug|Any CPU
		{F81095C7-26FB-4B03-A86C-22A6B6960D81}.Debug|x64.Build.0 = Debug|Any CPU
		{F81095C7-26FB-4B03-A86C-22A6B6960D81}.Debug|x86.ActiveCfg = Debug|Any CPU
		{F81095C7-26FB-4B03-A86C-22A6B6960D81}.Debug|x86.Build.0 = Debug|Any CPU
		{F81095C7-26FB-4B03-A86C-22A6B6960D81}.Release|Any CPU.ActiveCfg = Release|Any CPU
		{F81095C7-26FB-4B03-A86C-22A6B6960D81}.Release|Any CPU.Build.0 = Release|Any CPU
		{F81095C7-26FB-4B03-A86C-22A6B6960D81}.Release|x64.ActiveCfg = Release|Any CPU
		{F81095C7-26FB-4B03-A86C-22A6B6960D81}.Release|x64.Build.0 = Release|Any CPU
		{F81095C7-26FB-4B03-A86C-22A6B6960D81}.Release|x86.ActiveCfg = Release|Any CPU
		{F81095C7-26FB-4B03-A86C-22A6B6960D81}.Release|x86.Build.0 = Release|Any CPU
		{4719B6E2-C005-4D71-9087-B18333848FA1}.Debug|Any CPU.ActiveCfg = Debug|Any CPU
		{4719B6E2-C005-4D71-9087-B18333848FA1}.Debug|Any CPU.Build.0 = Debug|Any CPU
		{4719B6E2-C005-4D71-9087-B18333848FA1}.Debug|x64.ActiveCfg = Debug|Any CPU
		{4719B6E2-C005-4D71-9087-B18333848FA1}.Debug|x64.Build.0 = Debug|Any CPU
		{4719B6E2-C005-4D71-9087-B18333848FA1}.Debug|x86.ActiveCfg = Debug|Any CPU
		{4719B6E2-C005-4D71-9087-B18333848FA1}.Debug|x86.Build.0 = Debug|Any CPU
		{4719B6E2-C005-4D71-9087-B18333848FA1}.Release|Any CPU.ActiveCfg = Release|Any CPU
		{4719B6E2-C005-4D71-9087-B18333848FA1}.Release|Any CPU.Build.0 = Release|Any CPU
		{4719B6E2-C005-4D71-9087-B18333848FA1}.Release|x64.ActiveCfg = Release|Any CPU
		{4719B6E2-C005-4D71-9087-B18333848FA1}.Release|x64.Build.0 = Release|Any CPU
		{4719B6E2-C005-4D71-9087-B18333848FA1}.Release|x86.ActiveCfg = Release|Any CPU
		{4719B6E2-C005-4D71-9087-B18333848FA1}.Release|x86.Build.0 = Release|Any CPU
		{9D7C2D3E-EFFF-4AF3-BE60-04589D908060}.Debug|Any CPU.ActiveCfg = Debug|Any CPU
		{9D7C2D3E-EFFF-4AF3-BE60-04589D908060}.Debug|Any CPU.Build.0 = Debug|Any CPU
		{9D7C2D3E-EFFF-4AF3-BE60-04589D908060}.Debug|x64.ActiveCfg = Debug|Any CPU
		{9D7C2D3E-EFFF-4AF3-BE60-04589D908060}.Debug|x64.Build.0 = Debug|Any CPU
		{9D7C2D3E-EFFF-4AF3-BE60-04589D908060}.Debug|x86.ActiveCfg = Debug|Any CPU
		{9D7C2D3E-EFFF-4AF3-BE60-04589D908060}.Debug|x86.Build.0 = Debug|Any CPU
		{9D7C2D3E-EFFF-4AF3-BE60-04589D908060}.Release|Any CPU.ActiveCfg = Release|Any CPU
		{9D7C2D3E-EFFF-4AF3-BE60-04589D908060}.Release|Any CPU.Build.0 = Release|Any CPU
		{9D7C2D3E-EFFF-4AF3-BE60-04589D908060}.Release|x64.ActiveCfg = Release|Any CPU
		{9D7C2D3E-EFFF-4AF3-BE60-04589D908060}.Release|x64.Build.0 = Release|Any CPU
		{9D7C2D3E-EFFF-4AF3-BE60-04589D908060}.Release|x86.ActiveCfg = Release|Any CPU
		{9D7C2D3E-EFFF-4AF3-BE60-04589D908060}.Release|x86.Build.0 = Release|Any CPU
		{898FF00E-7CB8-4249-93A5-E9F36B6D5AF7}.Debug|Any CPU.ActiveCfg = Debug|Any CPU
		{898FF00E-7CB8-4249-93A5-E9F36B6D5AF7}.Debug|Any CPU.Build.0 = Debug|Any CPU
		{898FF00E-7CB8-4249-93A5-E9F36B6D5AF7}.Debug|x64.ActiveCfg = Debug|Any CPU
		{898FF00E-7CB8-4249-93A5-E9F36B6D5AF7}.Debug|x64.Build.0 = Debug|Any CPU
		{898FF00E-7CB8-4249-93A5-E9F36B6D5AF7}.Debug|x86.ActiveCfg = Debug|Any CPU
		{898FF00E-7CB8-4249-93A5-E9F36B6D5AF7}.Debug|x86.Build.0 = Debug|Any CPU
		{898FF00E-7CB8-4249-93A5-E9F36B6D5AF7}.Release|Any CPU.ActiveCfg = Release|Any CPU
		{898FF00E-7CB8-4249-93A5-E9F36B6D5AF7}.Release|Any CPU.Build.0 = Release|Any CPU
		{898FF00E-7CB8-4249-93A5-E9F36B6D5AF7}.Release|x64.ActiveCfg = Release|Any CPU
		{898FF00E-7CB8-4249-93A5-E9F36B6D5AF7}.Release|x64.Build.0 = Release|Any CPU
		{898FF00E-7CB8-4249-93A5-E9F36B6D5AF7}.Release|x86.ActiveCfg = Release|Any CPU
		{898FF00E-7CB8-4249-93A5-E9F36B6D5AF7}.Release|x86.Build.0 = Release|Any CPU
		{55945FF8-67EF-4D0B-9EF8-2AD9A43182A8}.Debug|Any CPU.ActiveCfg = Debug|Any CPU
		{55945FF8-67EF-4D0B-9EF8-2AD9A43182A8}.Debug|Any CPU.Build.0 = Debug|Any CPU
		{55945FF8-67EF-4D0B-9EF8-2AD9A43182A8}.Debug|x64.ActiveCfg = Debug|Any CPU
		{55945FF8-67EF-4D0B-9EF8-2AD9A43182A8}.Debug|x64.Build.0 = Debug|Any CPU
		{55945FF8-67EF-4D0B-9EF8-2AD9A43182A8}.Debug|x86.ActiveCfg = Debug|Any CPU
		{55945FF8-67EF-4D0B-9EF8-2AD9A43182A8}.Debug|x86.Build.0 = Debug|Any CPU
		{55945FF8-67EF-4D0B-9EF8-2AD9A43182A8}.Release|Any CPU.ActiveCfg = Release|Any CPU
		{55945FF8-67EF-4D0B-9EF8-2AD9A43182A8}.Release|Any CPU.Build.0 = Release|Any CPU
		{55945FF8-67EF-4D0B-9EF8-2AD9A43182A8}.Release|x64.ActiveCfg = Release|Any CPU
		{55945FF8-67EF-4D0B-9EF8-2AD9A43182A8}.Release|x64.Build.0 = Release|Any CPU
		{55945FF8-67EF-4D0B-9EF8-2AD9A43182A8}.Release|x86.ActiveCfg = Release|Any CPU
		{55945FF8-67EF-4D0B-9EF8-2AD9A43182A8}.Release|x86.Build.0 = Release|Any CPU
		{231CC689-7C9D-479D-B5B9-1931FB20FE01}.Debug|Any CPU.ActiveCfg = Debug|Any CPU
		{231CC689-7C9D-479D-B5B9-1931FB20FE01}.Debug|Any CPU.Build.0 = Debug|Any CPU
		{231CC689-7C9D-479D-B5B9-1931FB20FE01}.Debug|x64.ActiveCfg = Debug|Any CPU
		{231CC689-7C9D-479D-B5B9-1931FB20FE01}.Debug|x64.Build.0 = Debug|Any CPU
		{231CC689-7C9D-479D-B5B9-1931FB20FE01}.Debug|x86.ActiveCfg = Debug|Any CPU
		{231CC689-7C9D-479D-B5B9-1931FB20FE01}.Debug|x86.Build.0 = Debug|Any CPU
		{231CC689-7C9D-479D-B5B9-1931FB20FE01}.Release|Any CPU.ActiveCfg = Release|Any CPU
		{231CC689-7C9D-479D-B5B9-1931FB20FE01}.Release|Any CPU.Build.0 = Release|Any CPU
		{231CC689-7C9D-479D-B5B9-1931FB20FE01}.Release|x64.ActiveCfg = Release|Any CPU
		{231CC689-7C9D-479D-B5B9-1931FB20FE01}.Release|x64.Build.0 = Release|Any CPU
		{231CC689-7C9D-479D-B5B9-1931FB20FE01}.Release|x86.ActiveCfg = Release|Any CPU
		{231CC689-7C9D-479D-B5B9-1931FB20FE01}.Release|x86.Build.0 = Release|Any CPU
		{494AF6E4-4D42-4689-A61F-150059C1A7EF}.Debug|Any CPU.ActiveCfg = Debug|Any CPU
		{494AF6E4-4D42-4689-A61F-150059C1A7EF}.Debug|Any CPU.Build.0 = Debug|Any CPU
		{494AF6E4-4D42-4689-A61F-150059C1A7EF}.Debug|x64.ActiveCfg = Debug|Any CPU
		{494AF6E4-4D42-4689-A61F-150059C1A7EF}.Debug|x64.Build.0 = Debug|Any CPU
		{494AF6E4-4D42-4689-A61F-150059C1A7EF}.Debug|x86.ActiveCfg = Debug|Any CPU
		{494AF6E4-4D42-4689-A61F-150059C1A7EF}.Debug|x86.Build.0 = Debug|Any CPU
		{494AF6E4-4D42-4689-A61F-150059C1A7EF}.Release|Any CPU.ActiveCfg = Release|Any CPU
		{494AF6E4-4D42-4689-A61F-150059C1A7EF}.Release|Any CPU.Build.0 = Release|Any CPU
		{494AF6E4-4D42-4689-A61F-150059C1A7EF}.Release|x64.ActiveCfg = Release|Any CPU
		{494AF6E4-4D42-4689-A61F-150059C1A7EF}.Release|x64.Build.0 = Release|Any CPU
		{494AF6E4-4D42-4689-A61F-150059C1A7EF}.Release|x86.ActiveCfg = Release|Any CPU
		{494AF6E4-4D42-4689-A61F-150059C1A7EF}.Release|x86.Build.0 = Release|Any CPU
	EndGlobalSection
	GlobalSection(SolutionProperties) = preSolution
		HideSolutionNode = FALSE
	EndGlobalSection
	GlobalSection(NestedProjects) = preSolution
		{494AF6E4-4D42-4689-A61F-150059C1A7EF} = {08FE55C4-EF66-41ED-B775-511530FDD264}
	EndGlobalSection
	GlobalSection(ExtensibilityGlobals) = postSolution
		SolutionGuid = {422D60E5-99FE-4131-A862-C284448C02CA}
	EndGlobalSection
EndGlobal
